// !$*UTF8*$!
{
	archiveVersion = 1;
	classes = {
	};
	objectVersion = 56;
	objects = {

/* Begin PBXBuildFile section */
		4CC6C7F06FD99CFF1D287E7E /* Pods_Giftify.framework in Frameworks */ = {isa = PBXBuildFile; fileRef = D8F1FE6140FDE4F0B5826BBB /* Pods_Giftify.framework */; };
		6E1B7D2487171FC492598508 /* Pods_GiftifyTests.framework in Frameworks */ = {isa = PBXBuildFile; fileRef = DD49282CB039E84BBCCAC5F4 /* Pods_GiftifyTests.framework */; };
		C4F9A8DD19E38674315B6531 /* Pods_Giftify_GiftifyUITests.framework in Frameworks */ = {isa = PBXBuildFile; fileRef = 139FC5C6801924F6FFDB1CF2 /* Pods_Giftify_GiftifyUITests.framework */; };
		E91527532A6FB76F00274430 /* AppDelegate.swift in Sources */ = {isa = PBXBuildFile; fileRef = E91527522A6FB76F00274430 /* AppDelegate.swift */; };
		E91527552A6FB76F00274430 /* SceneDelegate.swift in Sources */ = {isa = PBXBuildFile; fileRef = E91527542A6FB76F00274430 /* SceneDelegate.swift */; };
		E91527572A6FB76F00274430 /* ViewController.swift in Sources */ = {isa = PBXBuildFile; fileRef = E91527562A6FB76F00274430 /* ViewController.swift */; };
		E915275A2A6FB76F00274430 /* Main.storyboard in Resources */ = {isa = PBXBuildFile; fileRef = E91527582A6FB76F00274430 /* Main.storyboard */; };
		E915275C2A6FB77200274430 /* Assets.xcassets in Resources */ = {isa = PBXBuildFile; fileRef = E915275B2A6FB77200274430 /* Assets.xcassets */; };
		E915275F2A6FB77200274430 /* LaunchScreen.storyboard in Resources */ = {isa = PBXBuildFile; fileRef = E915275D2A6FB77200274430 /* LaunchScreen.storyboard */; };
		E915276A2A6FB77200274430 /* GiftifyTests.swift in Sources */ = {isa = PBXBuildFile; fileRef = E91527692A6FB77200274430 /* GiftifyTests.swift */; };
		E91527742A6FB77200274430 /* GiftifyUITests.swift in Sources */ = {isa = PBXBuildFile; fileRef = E91527732A6FB77200274430 /* GiftifyUITests.swift */; };
		E91527762A6FB77200274430 /* GiftifyUITestsLaunchTests.swift in Sources */ = {isa = PBXBuildFile; fileRef = E91527752A6FB77200274430 /* GiftifyUITestsLaunchTests.swift */; };
		E91527842A6FB99600274430 /* DIContainer.swift in Sources */ = {isa = PBXBuildFile; fileRef = E91527832A6FB99600274430 /* DIContainer.swift */; };
		E91527862A6FBA2D00274430 /* CoordinatorProtocol.swift in Sources */ = {isa = PBXBuildFile; fileRef = E91527852A6FBA2D00274430 /* CoordinatorProtocol.swift */; };
		E91527882A6FBAAA00274430 /* AppCoordinator.swift in Sources */ = {isa = PBXBuildFile; fileRef = E91527872A6FBAAA00274430 /* AppCoordinator.swift */; };
		E915278D2A6FBB4800274430 /* TabBarCoordinator.swift in Sources */ = {isa = PBXBuildFile; fileRef = E915278C2A6FBB4800274430 /* TabBarCoordinator.swift */; };
		E915279B2A6FBF1D00274430 /* HomeCoordinator.swift in Sources */ = {isa = PBXBuildFile; fileRef = E915279A2A6FBF1D00274430 /* HomeCoordinator.swift */; };
		E915279D2A6FBF7400274430 /* HomeViewController.swift in Sources */ = {isa = PBXBuildFile; fileRef = E915279C2A6FBF7400274430 /* HomeViewController.swift */; };
		E915279F2A6FBFD000274430 /* HomeViewModel.swift in Sources */ = {isa = PBXBuildFile; fileRef = E915279E2A6FBFD000274430 /* HomeViewModel.swift */; };
		E91527A12A6FC2BA00274430 /* ListCoordinator.swift in Sources */ = {isa = PBXBuildFile; fileRef = E91527A02A6FC2BA00274430 /* ListCoordinator.swift */; };
		E91527A32A6FC30600274430 /* ListViewController.swift in Sources */ = {isa = PBXBuildFile; fileRef = E91527A22A6FC30600274430 /* ListViewController.swift */; };
		E91527A52A6FC31000274430 /* ListViewModel.swift in Sources */ = {isa = PBXBuildFile; fileRef = E91527A42A6FC31000274430 /* ListViewModel.swift */; };
		E91527A72A6FC31D00274430 /* SettingCoordinator.swift in Sources */ = {isa = PBXBuildFile; fileRef = E91527A62A6FC31D00274430 /* SettingCoordinator.swift */; };
		E91527A92A6FC32700274430 /* SettingViewController.swift in Sources */ = {isa = PBXBuildFile; fileRef = E91527A82A6FC32700274430 /* SettingViewController.swift */; };
		E91527AB2A6FC33100274430 /* SettingViewModel.swift in Sources */ = {isa = PBXBuildFile; fileRef = E91527AA2A6FC33100274430 /* SettingViewModel.swift */; };
		E91527AE2A6FCC4500274430 /* NearSortHomeCollectionCell.swift in Sources */ = {isa = PBXBuildFile; fileRef = E91527AD2A6FCC4500274430 /* NearSortHomeCollectionCell.swift */; };
		E91527B22A6FD34800274430 /* NearSortHeaderView.swift in Sources */ = {isa = PBXBuildFile; fileRef = E91527B12A6FD34800274430 /* NearSortHeaderView.swift */; };
		E91527B52A6FD81000274430 /* CollectionLayout.swift in Sources */ = {isa = PBXBuildFile; fileRef = E91527B42A6FD81000274430 /* CollectionLayout.swift */; };
		E91527B92A6FDA9800274430 /* HomeSection.swift in Sources */ = {isa = PBXBuildFile; fileRef = E91527B82A6FDA9800274430 /* HomeSection.swift */; };
		E91527BB2A6FE44E00274430 /* Gifticon.swift in Sources */ = {isa = PBXBuildFile; fileRef = E91527BA2A6FE44E00274430 /* Gifticon.swift */; };
		E91527BD2A7012F400274430 /* DDaySortHomeCollectionCell.swift in Sources */ = {isa = PBXBuildFile; fileRef = E91527BC2A7012F400274430 /* DDaySortHomeCollectionCell.swift */; };
		E91527BF2A7029B000274430 /* DDaySortHeaderView.swift in Sources */ = {isa = PBXBuildFile; fileRef = E91527BE2A7029B000274430 /* DDaySortHeaderView.swift */; };
		E91527C52A71031300274430 /* AddGifticonViewModel.swift in Sources */ = {isa = PBXBuildFile; fileRef = E91527C42A71031300274430 /* AddGifticonViewModel.swift */; };
		E91527C72A71033000274430 /* AddGifticonViewController.swift in Sources */ = {isa = PBXBuildFile; fileRef = E91527C62A71033000274430 /* AddGifticonViewController.swift */; };
		E91527C92A7107C600274430 /* AddGifticonCoordinator.swift in Sources */ = {isa = PBXBuildFile; fileRef = E91527C82A7107C600274430 /* AddGifticonCoordinator.swift */; };
		E91527CC2A7129D600274430 /* MLKit.swift in Sources */ = {isa = PBXBuildFile; fileRef = E91527CB2A7129D600274430 /* MLKit.swift */; };
		E91527CE2A712B5A00274430 /* testImageBBQ.jpeg in Resources */ = {isa = PBXBuildFile; fileRef = E91527CD2A712B5A00274430 /* testImageBBQ.jpeg */; };
/* End PBXBuildFile section */

/* Begin PBXContainerItemProxy section */
		E91527662A6FB77200274430 /* PBXContainerItemProxy */ = {
			isa = PBXContainerItemProxy;
			containerPortal = E91527472A6FB76F00274430 /* Project object */;
			proxyType = 1;
			remoteGlobalIDString = E915274E2A6FB76F00274430;
			remoteInfo = Giftify;
		};
		E91527702A6FB77200274430 /* PBXContainerItemProxy */ = {
			isa = PBXContainerItemProxy;
			containerPortal = E91527472A6FB76F00274430 /* Project object */;
			proxyType = 1;
			remoteGlobalIDString = E915274E2A6FB76F00274430;
			remoteInfo = Giftify;
		};
/* End PBXContainerItemProxy section */

/* Begin PBXFileReference section */
		139FC5C6801924F6FFDB1CF2 /* Pods_Giftify_GiftifyUITests.framework */ = {isa = PBXFileReference; explicitFileType = wrapper.framework; includeInIndex = 0; path = Pods_Giftify_GiftifyUITests.framework; sourceTree = BUILT_PRODUCTS_DIR; };
		3B6002B244FC4A831E079C52 /* Pods-GiftifyTests.release.xcconfig */ = {isa = PBXFileReference; includeInIndex = 1; lastKnownFileType = text.xcconfig; name = "Pods-GiftifyTests.release.xcconfig"; path = "Target Support Files/Pods-GiftifyTests/Pods-GiftifyTests.release.xcconfig"; sourceTree = "<group>"; };
		91EA5D1EB6DDF3AF9CAFD42D /* Pods-Giftify.debug.xcconfig */ = {isa = PBXFileReference; includeInIndex = 1; lastKnownFileType = text.xcconfig; name = "Pods-Giftify.debug.xcconfig"; path = "Target Support Files/Pods-Giftify/Pods-Giftify.debug.xcconfig"; sourceTree = "<group>"; };
		9B4A146423F65730387F55A6 /* Pods-Giftify.release.xcconfig */ = {isa = PBXFileReference; includeInIndex = 1; lastKnownFileType = text.xcconfig; name = "Pods-Giftify.release.xcconfig"; path = "Target Support Files/Pods-Giftify/Pods-Giftify.release.xcconfig"; sourceTree = "<group>"; };
		C272D10593199B1DD2478B98 /* Pods-Giftify-GiftifyUITests.release.xcconfig */ = {isa = PBXFileReference; includeInIndex = 1; lastKnownFileType = text.xcconfig; name = "Pods-Giftify-GiftifyUITests.release.xcconfig"; path = "Target Support Files/Pods-Giftify-GiftifyUITests/Pods-Giftify-GiftifyUITests.release.xcconfig"; sourceTree = "<group>"; };
		D7B969BCE6BD5654CA7BFBFE /* Pods-GiftifyTests.debug.xcconfig */ = {isa = PBXFileReference; includeInIndex = 1; lastKnownFileType = text.xcconfig; name = "Pods-GiftifyTests.debug.xcconfig"; path = "Target Support Files/Pods-GiftifyTests/Pods-GiftifyTests.debug.xcconfig"; sourceTree = "<group>"; };
		D8F1FE6140FDE4F0B5826BBB /* Pods_Giftify.framework */ = {isa = PBXFileReference; explicitFileType = wrapper.framework; includeInIndex = 0; path = Pods_Giftify.framework; sourceTree = BUILT_PRODUCTS_DIR; };
		DD49282CB039E84BBCCAC5F4 /* Pods_GiftifyTests.framework */ = {isa = PBXFileReference; explicitFileType = wrapper.framework; includeInIndex = 0; path = Pods_GiftifyTests.framework; sourceTree = BUILT_PRODUCTS_DIR; };
		E29B1B827259000A661BE3BE /* Pods-Giftify-GiftifyUITests.debug.xcconfig */ = {isa = PBXFileReference; includeInIndex = 1; lastKnownFileType = text.xcconfig; name = "Pods-Giftify-GiftifyUITests.debug.xcconfig"; path = "Target Support Files/Pods-Giftify-GiftifyUITests/Pods-Giftify-GiftifyUITests.debug.xcconfig"; sourceTree = "<group>"; };
		E915274F2A6FB76F00274430 /* Giftify.app */ = {isa = PBXFileReference; explicitFileType = wrapper.application; includeInIndex = 0; path = Giftify.app; sourceTree = BUILT_PRODUCTS_DIR; };
		E91527522A6FB76F00274430 /* AppDelegate.swift */ = {isa = PBXFileReference; lastKnownFileType = sourcecode.swift; path = AppDelegate.swift; sourceTree = "<group>"; };
		E91527542A6FB76F00274430 /* SceneDelegate.swift */ = {isa = PBXFileReference; lastKnownFileType = sourcecode.swift; path = SceneDelegate.swift; sourceTree = "<group>"; };
		E91527562A6FB76F00274430 /* ViewController.swift */ = {isa = PBXFileReference; lastKnownFileType = sourcecode.swift; path = ViewController.swift; sourceTree = "<group>"; };
		E91527592A6FB76F00274430 /* Base */ = {isa = PBXFileReference; lastKnownFileType = file.storyboard; name = Base; path = Base.lproj/Main.storyboard; sourceTree = "<group>"; };
		E915275B2A6FB77200274430 /* Assets.xcassets */ = {isa = PBXFileReference; lastKnownFileType = folder.assetcatalog; path = Assets.xcassets; sourceTree = "<group>"; };
		E915275E2A6FB77200274430 /* Base */ = {isa = PBXFileReference; lastKnownFileType = file.storyboard; name = Base; path = Base.lproj/LaunchScreen.storyboard; sourceTree = "<group>"; };
		E91527602A6FB77200274430 /* Info.plist */ = {isa = PBXFileReference; lastKnownFileType = text.plist.xml; path = Info.plist; sourceTree = "<group>"; };
		E91527652A6FB77200274430 /* GiftifyTests.xctest */ = {isa = PBXFileReference; explicitFileType = wrapper.cfbundle; includeInIndex = 0; path = GiftifyTests.xctest; sourceTree = BUILT_PRODUCTS_DIR; };
		E91527692A6FB77200274430 /* GiftifyTests.swift */ = {isa = PBXFileReference; lastKnownFileType = sourcecode.swift; path = GiftifyTests.swift; sourceTree = "<group>"; };
		E915276F2A6FB77200274430 /* GiftifyUITests.xctest */ = {isa = PBXFileReference; explicitFileType = wrapper.cfbundle; includeInIndex = 0; path = GiftifyUITests.xctest; sourceTree = BUILT_PRODUCTS_DIR; };
		E91527732A6FB77200274430 /* GiftifyUITests.swift */ = {isa = PBXFileReference; lastKnownFileType = sourcecode.swift; path = GiftifyUITests.swift; sourceTree = "<group>"; };
		E91527752A6FB77200274430 /* GiftifyUITestsLaunchTests.swift */ = {isa = PBXFileReference; lastKnownFileType = sourcecode.swift; path = GiftifyUITestsLaunchTests.swift; sourceTree = "<group>"; };
		E91527832A6FB99600274430 /* DIContainer.swift */ = {isa = PBXFileReference; lastKnownFileType = sourcecode.swift; path = DIContainer.swift; sourceTree = "<group>"; };
		E91527852A6FBA2D00274430 /* CoordinatorProtocol.swift */ = {isa = PBXFileReference; lastKnownFileType = sourcecode.swift; path = CoordinatorProtocol.swift; sourceTree = "<group>"; };
		E91527872A6FBAAA00274430 /* AppCoordinator.swift */ = {isa = PBXFileReference; lastKnownFileType = sourcecode.swift; path = AppCoordinator.swift; sourceTree = "<group>"; };
		E915278C2A6FBB4800274430 /* TabBarCoordinator.swift */ = {isa = PBXFileReference; lastKnownFileType = sourcecode.swift; path = TabBarCoordinator.swift; sourceTree = "<group>"; };
		E915279A2A6FBF1D00274430 /* HomeCoordinator.swift */ = {isa = PBXFileReference; lastKnownFileType = sourcecode.swift; path = HomeCoordinator.swift; sourceTree = "<group>"; };
		E915279C2A6FBF7400274430 /* HomeViewController.swift */ = {isa = PBXFileReference; lastKnownFileType = sourcecode.swift; path = HomeViewController.swift; sourceTree = "<group>"; };
		E915279E2A6FBFD000274430 /* HomeViewModel.swift */ = {isa = PBXFileReference; lastKnownFileType = sourcecode.swift; path = HomeViewModel.swift; sourceTree = "<group>"; };
		E91527A02A6FC2BA00274430 /* ListCoordinator.swift */ = {isa = PBXFileReference; lastKnownFileType = sourcecode.swift; path = ListCoordinator.swift; sourceTree = "<group>"; };
		E91527A22A6FC30600274430 /* ListViewController.swift */ = {isa = PBXFileReference; lastKnownFileType = sourcecode.swift; path = ListViewController.swift; sourceTree = "<group>"; };
		E91527A42A6FC31000274430 /* ListViewModel.swift */ = {isa = PBXFileReference; lastKnownFileType = sourcecode.swift; path = ListViewModel.swift; sourceTree = "<group>"; };
		E91527A62A6FC31D00274430 /* SettingCoordinator.swift */ = {isa = PBXFileReference; lastKnownFileType = sourcecode.swift; path = SettingCoordinator.swift; sourceTree = "<group>"; };
		E91527A82A6FC32700274430 /* SettingViewController.swift */ = {isa = PBXFileReference; lastKnownFileType = sourcecode.swift; path = SettingViewController.swift; sourceTree = "<group>"; };
		E91527AA2A6FC33100274430 /* SettingViewModel.swift */ = {isa = PBXFileReference; lastKnownFileType = sourcecode.swift; path = SettingViewModel.swift; sourceTree = "<group>"; };
		E91527AD2A6FCC4500274430 /* NearSortHomeCollectionCell.swift */ = {isa = PBXFileReference; lastKnownFileType = sourcecode.swift; path = NearSortHomeCollectionCell.swift; sourceTree = "<group>"; };
		E91527B12A6FD34800274430 /* NearSortHeaderView.swift */ = {isa = PBXFileReference; lastKnownFileType = sourcecode.swift; path = NearSortHeaderView.swift; sourceTree = "<group>"; };
		E91527B42A6FD81000274430 /* CollectionLayout.swift */ = {isa = PBXFileReference; lastKnownFileType = sourcecode.swift; path = CollectionLayout.swift; sourceTree = "<group>"; };
		E91527B82A6FDA9800274430 /* HomeSection.swift */ = {isa = PBXFileReference; lastKnownFileType = sourcecode.swift; path = HomeSection.swift; sourceTree = "<group>"; };
		E91527BA2A6FE44E00274430 /* Gifticon.swift */ = {isa = PBXFileReference; lastKnownFileType = sourcecode.swift; path = Gifticon.swift; sourceTree = "<group>"; };
		E91527BC2A7012F400274430 /* DDaySortHomeCollectionCell.swift */ = {isa = PBXFileReference; lastKnownFileType = sourcecode.swift; path = DDaySortHomeCollectionCell.swift; sourceTree = "<group>"; };
		E91527BE2A7029B000274430 /* DDaySortHeaderView.swift */ = {isa = PBXFileReference; lastKnownFileType = sourcecode.swift; path = DDaySortHeaderView.swift; sourceTree = "<group>"; };
		E91527C42A71031300274430 /* AddGifticonViewModel.swift */ = {isa = PBXFileReference; lastKnownFileType = sourcecode.swift; path = AddGifticonViewModel.swift; sourceTree = "<group>"; };
		E91527C62A71033000274430 /* AddGifticonViewController.swift */ = {isa = PBXFileReference; lastKnownFileType = sourcecode.swift; path = AddGifticonViewController.swift; sourceTree = "<group>"; };
		E91527C82A7107C600274430 /* AddGifticonCoordinator.swift */ = {isa = PBXFileReference; lastKnownFileType = sourcecode.swift; path = AddGifticonCoordinator.swift; sourceTree = "<group>"; };
		E91527CB2A7129D600274430 /* MLKit.swift */ = {isa = PBXFileReference; lastKnownFileType = sourcecode.swift; path = MLKit.swift; sourceTree = "<group>"; };
		E91527CD2A712B5A00274430 /* testImageBBQ.jpeg */ = {isa = PBXFileReference; lastKnownFileType = image.jpeg; path = testImageBBQ.jpeg; sourceTree = "<group>"; };
/* End PBXFileReference section */

/* Begin PBXFrameworksBuildPhase section */
		E915274C2A6FB76F00274430 /* Frameworks */ = {
			isa = PBXFrameworksBuildPhase;
			buildActionMask = 2147483647;
			files = (
				4CC6C7F06FD99CFF1D287E7E /* Pods_Giftify.framework in Frameworks */,
			);
			runOnlyForDeploymentPostprocessing = 0;
		};
		E91527622A6FB77200274430 /* Frameworks */ = {
			isa = PBXFrameworksBuildPhase;
			buildActionMask = 2147483647;
			files = (
				6E1B7D2487171FC492598508 /* Pods_GiftifyTests.framework in Frameworks */,
			);
			runOnlyForDeploymentPostprocessing = 0;
		};
		E915276C2A6FB77200274430 /* Frameworks */ = {
			isa = PBXFrameworksBuildPhase;
			buildActionMask = 2147483647;
			files = (
				C4F9A8DD19E38674315B6531 /* Pods_Giftify_GiftifyUITests.framework in Frameworks */,
			);
			runOnlyForDeploymentPostprocessing = 0;
		};
/* End PBXFrameworksBuildPhase section */

/* Begin PBXGroup section */
		5388679AE41BA814DC1C10CC /* Frameworks */ = {
			isa = PBXGroup;
			children = (
				D8F1FE6140FDE4F0B5826BBB /* Pods_Giftify.framework */,
				139FC5C6801924F6FFDB1CF2 /* Pods_Giftify_GiftifyUITests.framework */,
				DD49282CB039E84BBCCAC5F4 /* Pods_GiftifyTests.framework */,
			);
			name = Frameworks;
			sourceTree = "<group>";
		};
		5AD0F45A8CFF1D1D92930178 /* Pods */ = {
			isa = PBXGroup;
			children = (
				91EA5D1EB6DDF3AF9CAFD42D /* Pods-Giftify.debug.xcconfig */,
				9B4A146423F65730387F55A6 /* Pods-Giftify.release.xcconfig */,
				E29B1B827259000A661BE3BE /* Pods-Giftify-GiftifyUITests.debug.xcconfig */,
				C272D10593199B1DD2478B98 /* Pods-Giftify-GiftifyUITests.release.xcconfig */,
				D7B969BCE6BD5654CA7BFBFE /* Pods-GiftifyTests.debug.xcconfig */,
				3B6002B244FC4A831E079C52 /* Pods-GiftifyTests.release.xcconfig */,
			);
			path = Pods;
			sourceTree = "<group>";
		};
		E91527462A6FB76F00274430 = {
			isa = PBXGroup;
			children = (
				E91527512A6FB76F00274430 /* Giftify */,
				E91527682A6FB77200274430 /* GiftifyTests */,
				E91527722A6FB77200274430 /* GiftifyUITests */,
				E91527502A6FB76F00274430 /* Products */,
				5AD0F45A8CFF1D1D92930178 /* Pods */,
				5388679AE41BA814DC1C10CC /* Frameworks */,
			);
			sourceTree = "<group>";
		};
		E91527502A6FB76F00274430 /* Products */ = {
			isa = PBXGroup;
			children = (
				E915274F2A6FB76F00274430 /* Giftify.app */,
				E91527652A6FB77200274430 /* GiftifyTests.xctest */,
				E915276F2A6FB77200274430 /* GiftifyUITests.xctest */,
			);
			name = Products;
			sourceTree = "<group>";
		};
		E91527512A6FB76F00274430 /* Giftify */ = {
			isa = PBXGroup;
			children = (
				E91527CA2A7129BD00274430 /* InfraStructure */,
				E91527822A6FB96B00274430 /* Application */,
				E91527B62A6FDA7E00274430 /* Domain */,
				E91527892A6FBB0100274430 /* Presentation */,
				E91527582A6FB76F00274430 /* Main.storyboard */,
				E915275B2A6FB77200274430 /* Assets.xcassets */,
				E91527CD2A712B5A00274430 /* testImageBBQ.jpeg */,
				E915275D2A6FB77200274430 /* LaunchScreen.storyboard */,
				E91527602A6FB77200274430 /* Info.plist */,
			);
			path = Giftify;
			sourceTree = "<group>";
		};
		E91527682A6FB77200274430 /* GiftifyTests */ = {
			isa = PBXGroup;
			children = (
				E91527692A6FB77200274430 /* GiftifyTests.swift */,
			);
			path = GiftifyTests;
			sourceTree = "<group>";
		};
		E91527722A6FB77200274430 /* GiftifyUITests */ = {
			isa = PBXGroup;
			children = (
				E91527732A6FB77200274430 /* GiftifyUITests.swift */,
				E91527752A6FB77200274430 /* GiftifyUITestsLaunchTests.swift */,
			);
			path = GiftifyUITests;
			sourceTree = "<group>";
		};
		E91527822A6FB96B00274430 /* Application */ = {
			isa = PBXGroup;
			children = (
				E91527522A6FB76F00274430 /* AppDelegate.swift */,
				E91527542A6FB76F00274430 /* SceneDelegate.swift */,
				E91527562A6FB76F00274430 /* ViewController.swift */,
				E91527832A6FB99600274430 /* DIContainer.swift */,
				E91527852A6FBA2D00274430 /* CoordinatorProtocol.swift */,
				E91527872A6FBAAA00274430 /* AppCoordinator.swift */,
			);
			path = Application;
			sourceTree = "<group>";
		};
		E91527892A6FBB0100274430 /* Presentation */ = {
			isa = PBXGroup;
			children = (
				E91527C02A71004100274430 /* AddGifticon */,
				E91527962A6FBF0000274430 /* Setting */,
				E91527922A6FBEE300274430 /* List */,
				E915278E2A6FBEBB00274430 /* Home */,
				E915278A2A6FBB1D00274430 /* Common */,
			);
			path = Presentation;
			sourceTree = "<group>";
		};
		E915278A2A6FBB1D00274430 /* Common */ = {
			isa = PBXGroup;
			children = (
				E91527B32A6FD7FB00274430 /* View */,
				E915278B2A6FBB2700274430 /* Coordinator */,
			);
			path = Common;
			sourceTree = "<group>";
		};
		E915278B2A6FBB2700274430 /* Coordinator */ = {
			isa = PBXGroup;
			children = (
				E915278C2A6FBB4800274430 /* TabBarCoordinator.swift */,
			);
			path = Coordinator;
			sourceTree = "<group>";
		};
		E915278E2A6FBEBB00274430 /* Home */ = {
			isa = PBXGroup;
			children = (
				E91527AC2A6FCC0900274430 /* View */,
				E91527912A6FBED000274430 /* ViewModel */,
				E91527902A6FBEC900274430 /* ViewController */,
				E915278F2A6FBEC400274430 /* Coordinator */,
			);
			path = Home;
			sourceTree = "<group>";
		};
		E915278F2A6FBEC400274430 /* Coordinator */ = {
			isa = PBXGroup;
			children = (
				E915279A2A6FBF1D00274430 /* HomeCoordinator.swift */,
			);
			path = Coordinator;
			sourceTree = "<group>";
		};
		E91527902A6FBEC900274430 /* ViewController */ = {
			isa = PBXGroup;
			children = (
				E915279C2A6FBF7400274430 /* HomeViewController.swift */,
			);
			path = ViewController;
			sourceTree = "<group>";
		};
		E91527912A6FBED000274430 /* ViewModel */ = {
			isa = PBXGroup;
			children = (
				E915279E2A6FBFD000274430 /* HomeViewModel.swift */,
			);
			path = ViewModel;
			sourceTree = "<group>";
		};
		E91527922A6FBEE300274430 /* List */ = {
			isa = PBXGroup;
			children = (
				E91527952A6FBEFB00274430 /* ViewModel */,
				E91527942A6FBEF500274430 /* ViewController */,
				E91527932A6FBEEF00274430 /* Coordinator */,
			);
			path = List;
			sourceTree = "<group>";
		};
		E91527932A6FBEEF00274430 /* Coordinator */ = {
			isa = PBXGroup;
			children = (
				E91527A02A6FC2BA00274430 /* ListCoordinator.swift */,
			);
			path = Coordinator;
			sourceTree = "<group>";
		};
		E91527942A6FBEF500274430 /* ViewController */ = {
			isa = PBXGroup;
			children = (
				E91527A22A6FC30600274430 /* ListViewController.swift */,
			);
			path = ViewController;
			sourceTree = "<group>";
		};
		E91527952A6FBEFB00274430 /* ViewModel */ = {
			isa = PBXGroup;
			children = (
				E91527A42A6FC31000274430 /* ListViewModel.swift */,
			);
			path = ViewModel;
			sourceTree = "<group>";
		};
		E91527962A6FBF0000274430 /* Setting */ = {
			isa = PBXGroup;
			children = (
				E91527992A6FBF1000274430 /* ViewModel */,
				E91527982A6FBF0A00274430 /* ViewController */,
				E91527972A6FBF0500274430 /* Coordinator */,
			);
			path = Setting;
			sourceTree = "<group>";
		};
		E91527972A6FBF0500274430 /* Coordinator */ = {
			isa = PBXGroup;
			children = (
				E91527A62A6FC31D00274430 /* SettingCoordinator.swift */,
			);
			path = Coordinator;
			sourceTree = "<group>";
		};
		E91527982A6FBF0A00274430 /* ViewController */ = {
			isa = PBXGroup;
			children = (
				E91527A82A6FC32700274430 /* SettingViewController.swift */,
			);
			path = ViewController;
			sourceTree = "<group>";
		};
		E91527992A6FBF1000274430 /* ViewModel */ = {
			isa = PBXGroup;
			children = (
				E91527AA2A6FC33100274430 /* SettingViewModel.swift */,
			);
			path = ViewModel;
			sourceTree = "<group>";
		};
		E91527AC2A6FCC0900274430 /* View */ = {
			isa = PBXGroup;
			children = (
				E91527AD2A6FCC4500274430 /* NearSortHomeCollectionCell.swift */,
				E91527B12A6FD34800274430 /* NearSortHeaderView.swift */,
				E91527BC2A7012F400274430 /* DDaySortHomeCollectionCell.swift */,
				E91527BE2A7029B000274430 /* DDaySortHeaderView.swift */,
			);
			path = View;
			sourceTree = "<group>";
		};
		E91527B32A6FD7FB00274430 /* View */ = {
			isa = PBXGroup;
			children = (
				E91527B42A6FD81000274430 /* CollectionLayout.swift */,
			);
			path = View;
			sourceTree = "<group>";
		};
		E91527B62A6FDA7E00274430 /* Domain */ = {
			isa = PBXGroup;
			children = (
				E91527B72A6FDA8600274430 /* Model */,
			);
			path = Domain;
			sourceTree = "<group>";
		};
		E91527B72A6FDA8600274430 /* Model */ = {
			isa = PBXGroup;
			children = (
				E91527B82A6FDA9800274430 /* HomeSection.swift */,
				E91527BA2A6FE44E00274430 /* Gifticon.swift */,
			);
			path = Model;
			sourceTree = "<group>";
		};
		E91527C02A71004100274430 /* AddGifticon */ = {
			isa = PBXGroup;
			children = (
				E91527C32A71006C00274430 /* ViewModel */,
				E91527C22A71006600274430 /* ViewController */,
				E91527C12A71005A00274430 /* Coordinator */,
			);
			path = AddGifticon;
			sourceTree = "<group>";
		};
		E91527C12A71005A00274430 /* Coordinator */ = {
			isa = PBXGroup;
			children = (
				E91527C82A7107C600274430 /* AddGifticonCoordinator.swift */,
			);
			path = Coordinator;
			sourceTree = "<group>";
		};
		E91527C22A71006600274430 /* ViewController */ = {
			isa = PBXGroup;
			children = (
				E91527C62A71033000274430 /* AddGifticonViewController.swift */,
			);
			path = ViewController;
			sourceTree = "<group>";
		};
		E91527C32A71006C00274430 /* ViewModel */ = {
			isa = PBXGroup;
			children = (
				E91527C42A71031300274430 /* AddGifticonViewModel.swift */,
			);
			path = ViewModel;
			sourceTree = "<group>";
		};
		E91527CA2A7129BD00274430 /* InfraStructure */ = {
			isa = PBXGroup;
			children = (
				E91527CB2A7129D600274430 /* MLKit.swift */,
			);
			path = InfraStructure;
			sourceTree = "<group>";
		};
/* End PBXGroup section */

/* Begin PBXNativeTarget section */
		E915274E2A6FB76F00274430 /* Giftify */ = {
			isa = PBXNativeTarget;
			buildConfigurationList = E91527792A6FB77200274430 /* Build configuration list for PBXNativeTarget "Giftify" */;
			buildPhases = (
				AA15946E99612E7BBCD0AA2A /* [CP] Check Pods Manifest.lock */,
				E915274B2A6FB76F00274430 /* Sources */,
				E915274C2A6FB76F00274430 /* Frameworks */,
				E915274D2A6FB76F00274430 /* Resources */,
				773F88AFB08CA70FE9306F22 /* [CP] Embed Pods Frameworks */,
				C12E9428A706EBDF74599940 /* [CP] Copy Pods Resources */,
			);
			buildRules = (
			);
			dependencies = (
			);
			name = Giftify;
			productName = Giftify;
			productReference = E915274F2A6FB76F00274430 /* Giftify.app */;
			productType = "com.apple.product-type.application";
		};
		E91527642A6FB77200274430 /* GiftifyTests */ = {
			isa = PBXNativeTarget;
			buildConfigurationList = E915277C2A6FB77200274430 /* Build configuration list for PBXNativeTarget "GiftifyTests" */;
			buildPhases = (
				08DE0BB1429A561D1367F31A /* [CP] Check Pods Manifest.lock */,
				E91527612A6FB77200274430 /* Sources */,
				E91527622A6FB77200274430 /* Frameworks */,
				E91527632A6FB77200274430 /* Resources */,
			);
			buildRules = (
			);
			dependencies = (
				E91527672A6FB77200274430 /* PBXTargetDependency */,
			);
			name = GiftifyTests;
			productName = GiftifyTests;
			productReference = E91527652A6FB77200274430 /* GiftifyTests.xctest */;
			productType = "com.apple.product-type.bundle.unit-test";
		};
		E915276E2A6FB77200274430 /* GiftifyUITests */ = {
			isa = PBXNativeTarget;
			buildConfigurationList = E915277F2A6FB77200274430 /* Build configuration list for PBXNativeTarget "GiftifyUITests" */;
			buildPhases = (
				59C1E347ED4542465882FCCE /* [CP] Check Pods Manifest.lock */,
				E915276B2A6FB77200274430 /* Sources */,
				E915276C2A6FB77200274430 /* Frameworks */,
				E915276D2A6FB77200274430 /* Resources */,
				82D0B68E527357312A98B22A /* [CP] Embed Pods Frameworks */,
				9841170CF2B8020A0DBBFF92 /* [CP] Copy Pods Resources */,
			);
			buildRules = (
			);
			dependencies = (
				E91527712A6FB77200274430 /* PBXTargetDependency */,
			);
			name = GiftifyUITests;
			productName = GiftifyUITests;
			productReference = E915276F2A6FB77200274430 /* GiftifyUITests.xctest */;
			productType = "com.apple.product-type.bundle.ui-testing";
		};
/* End PBXNativeTarget section */

/* Begin PBXProject section */
		E91527472A6FB76F00274430 /* Project object */ = {
			isa = PBXProject;
			attributes = {
				BuildIndependentTargetsInParallel = 1;
				LastSwiftUpdateCheck = 1430;
				LastUpgradeCheck = 1430;
				TargetAttributes = {
					E915274E2A6FB76F00274430 = {
						CreatedOnToolsVersion = 14.3.1;
					};
					E91527642A6FB77200274430 = {
						CreatedOnToolsVersion = 14.3.1;
						TestTargetID = E915274E2A6FB76F00274430;
					};
					E915276E2A6FB77200274430 = {
						CreatedOnToolsVersion = 14.3.1;
						TestTargetID = E915274E2A6FB76F00274430;
					};
				};
			};
			buildConfigurationList = E915274A2A6FB76F00274430 /* Build configuration list for PBXProject "Giftify" */;
			compatibilityVersion = "Xcode 14.0";
			developmentRegion = en;
			hasScannedForEncodings = 0;
			knownRegions = (
				en,
				Base,
			);
			mainGroup = E91527462A6FB76F00274430;
			productRefGroup = E91527502A6FB76F00274430 /* Products */;
			projectDirPath = "";
			projectRoot = "";
			targets = (
				E915274E2A6FB76F00274430 /* Giftify */,
				E91527642A6FB77200274430 /* GiftifyTests */,
				E915276E2A6FB77200274430 /* GiftifyUITests */,
			);
		};
/* End PBXProject section */

/* Begin PBXResourcesBuildPhase section */
		E915274D2A6FB76F00274430 /* Resources */ = {
			isa = PBXResourcesBuildPhase;
			buildActionMask = 2147483647;
			files = (
				E915275F2A6FB77200274430 /* LaunchScreen.storyboard in Resources */,
				E91527CE2A712B5A00274430 /* testImageBBQ.jpeg in Resources */,
				E915275C2A6FB77200274430 /* Assets.xcassets in Resources */,
				E915275A2A6FB76F00274430 /* Main.storyboard in Resources */,
			);
			runOnlyForDeploymentPostprocessing = 0;
		};
		E91527632A6FB77200274430 /* Resources */ = {
			isa = PBXResourcesBuildPhase;
			buildActionMask = 2147483647;
			files = (
			);
			runOnlyForDeploymentPostprocessing = 0;
		};
		E915276D2A6FB77200274430 /* Resources */ = {
			isa = PBXResourcesBuildPhase;
			buildActionMask = 2147483647;
			files = (
			);
			runOnlyForDeploymentPostprocessing = 0;
		};
/* End PBXResourcesBuildPhase section */

/* Begin PBXShellScriptBuildPhase section */
		08DE0BB1429A561D1367F31A /* [CP] Check Pods Manifest.lock */ = {
			isa = PBXShellScriptBuildPhase;
			buildActionMask = 2147483647;
			files = (
			);
			inputFileListPaths = (
			);
			inputPaths = (
				"${PODS_PODFILE_DIR_PATH}/Podfile.lock",
				"${PODS_ROOT}/Manifest.lock",
			);
			name = "[CP] Check Pods Manifest.lock";
			outputFileListPaths = (
			);
			outputPaths = (
				"$(DERIVED_FILE_DIR)/Pods-GiftifyTests-checkManifestLockResult.txt",
			);
			runOnlyForDeploymentPostprocessing = 0;
			shellPath = /bin/sh;
			shellScript = "diff \"${PODS_PODFILE_DIR_PATH}/Podfile.lock\" \"${PODS_ROOT}/Manifest.lock\" > /dev/null\nif [ $? != 0 ] ; then\n    # print error to STDERR\n    echo \"error: The sandbox is not in sync with the Podfile.lock. Run 'pod install' or update your CocoaPods installation.\" >&2\n    exit 1\nfi\n# This output is used by Xcode 'outputs' to avoid re-running this script phase.\necho \"SUCCESS\" > \"${SCRIPT_OUTPUT_FILE_0}\"\n";
			showEnvVarsInLog = 0;
		};
		59C1E347ED4542465882FCCE /* [CP] Check Pods Manifest.lock */ = {
			isa = PBXShellScriptBuildPhase;
			buildActionMask = 2147483647;
			files = (
			);
			inputFileListPaths = (
			);
			inputPaths = (
				"${PODS_PODFILE_DIR_PATH}/Podfile.lock",
				"${PODS_ROOT}/Manifest.lock",
			);
			name = "[CP] Check Pods Manifest.lock";
			outputFileListPaths = (
			);
			outputPaths = (
				"$(DERIVED_FILE_DIR)/Pods-Giftify-GiftifyUITests-checkManifestLockResult.txt",
			);
			runOnlyForDeploymentPostprocessing = 0;
			shellPath = /bin/sh;
			shellScript = "diff \"${PODS_PODFILE_DIR_PATH}/Podfile.lock\" \"${PODS_ROOT}/Manifest.lock\" > /dev/null\nif [ $? != 0 ] ; then\n    # print error to STDERR\n    echo \"error: The sandbox is not in sync with the Podfile.lock. Run 'pod install' or update your CocoaPods installation.\" >&2\n    exit 1\nfi\n# This output is used by Xcode 'outputs' to avoid re-running this script phase.\necho \"SUCCESS\" > \"${SCRIPT_OUTPUT_FILE_0}\"\n";
			showEnvVarsInLog = 0;
		};
		773F88AFB08CA70FE9306F22 /* [CP] Embed Pods Frameworks */ = {
			isa = PBXShellScriptBuildPhase;
			buildActionMask = 2147483647;
			files = (
			);
			inputFileListPaths = (
				"${PODS_ROOT}/Target Support Files/Pods-Giftify/Pods-Giftify-frameworks-${CONFIGURATION}-input-files.xcfilelist",
			);
			name = "[CP] Embed Pods Frameworks";
			outputFileListPaths = (
				"${PODS_ROOT}/Target Support Files/Pods-Giftify/Pods-Giftify-frameworks-${CONFIGURATION}-output-files.xcfilelist",
			);
			runOnlyForDeploymentPostprocessing = 0;
			shellPath = /bin/sh;
			shellScript = "\"${PODS_ROOT}/Target Support Files/Pods-Giftify/Pods-Giftify-frameworks.sh\"\n";
			showEnvVarsInLog = 0;
		};
		82D0B68E527357312A98B22A /* [CP] Embed Pods Frameworks */ = {
			isa = PBXShellScriptBuildPhase;
			buildActionMask = 2147483647;
			files = (
			);
			inputFileListPaths = (
				"${PODS_ROOT}/Target Support Files/Pods-Giftify-GiftifyUITests/Pods-Giftify-GiftifyUITests-frameworks-${CONFIGURATION}-input-files.xcfilelist",
			);
			name = "[CP] Embed Pods Frameworks";
			outputFileListPaths = (
				"${PODS_ROOT}/Target Support Files/Pods-Giftify-GiftifyUITests/Pods-Giftify-GiftifyUITests-frameworks-${CONFIGURATION}-output-files.xcfilelist",
			);
			runOnlyForDeploymentPostprocessing = 0;
			shellPath = /bin/sh;
			shellScript = "\"${PODS_ROOT}/Target Support Files/Pods-Giftify-GiftifyUITests/Pods-Giftify-GiftifyUITests-frameworks.sh\"\n";
			showEnvVarsInLog = 0;
		};
		9841170CF2B8020A0DBBFF92 /* [CP] Copy Pods Resources */ = {
			isa = PBXShellScriptBuildPhase;
			buildActionMask = 2147483647;
			files = (
			);
			inputFileListPaths = (
				"${PODS_ROOT}/Target Support Files/Pods-Giftify-GiftifyUITests/Pods-Giftify-GiftifyUITests-resources-${CONFIGURATION}-input-files.xcfilelist",
			);
			name = "[CP] Copy Pods Resources";
			outputFileListPaths = (
				"${PODS_ROOT}/Target Support Files/Pods-Giftify-GiftifyUITests/Pods-Giftify-GiftifyUITests-resources-${CONFIGURATION}-output-files.xcfilelist",
			);
			runOnlyForDeploymentPostprocessing = 0;
			shellPath = /bin/sh;
			shellScript = "\"${PODS_ROOT}/Target Support Files/Pods-Giftify-GiftifyUITests/Pods-Giftify-GiftifyUITests-resources.sh\"\n";
			showEnvVarsInLog = 0;
		};
		AA15946E99612E7BBCD0AA2A /* [CP] Check Pods Manifest.lock */ = {
			isa = PBXShellScriptBuildPhase;
			buildActionMask = 2147483647;
			files = (
			);
			inputFileListPaths = (
			);
			inputPaths = (
				"${PODS_PODFILE_DIR_PATH}/Podfile.lock",
				"${PODS_ROOT}/Manifest.lock",
			);
			name = "[CP] Check Pods Manifest.lock";
			outputFileListPaths = (
			);
			outputPaths = (
				"$(DERIVED_FILE_DIR)/Pods-Giftify-checkManifestLockResult.txt",
			);
			runOnlyForDeploymentPostprocessing = 0;
			shellPath = /bin/sh;
			shellScript = "diff \"${PODS_PODFILE_DIR_PATH}/Podfile.lock\" \"${PODS_ROOT}/Manifest.lock\" > /dev/null\nif [ $? != 0 ] ; then\n    # print error to STDERR\n    echo \"error: The sandbox is not in sync with the Podfile.lock. Run 'pod install' or update your CocoaPods installation.\" >&2\n    exit 1\nfi\n# This output is used by Xcode 'outputs' to avoid re-running this script phase.\necho \"SUCCESS\" > \"${SCRIPT_OUTPUT_FILE_0}\"\n";
			showEnvVarsInLog = 0;
		};
		C12E9428A706EBDF74599940 /* [CP] Copy Pods Resources */ = {
			isa = PBXShellScriptBuildPhase;
			buildActionMask = 2147483647;
			files = (
			);
			inputFileListPaths = (
				"${PODS_ROOT}/Target Support Files/Pods-Giftify/Pods-Giftify-resources-${CONFIGURATION}-input-files.xcfilelist",
			);
			name = "[CP] Copy Pods Resources";
			outputFileListPaths = (
				"${PODS_ROOT}/Target Support Files/Pods-Giftify/Pods-Giftify-resources-${CONFIGURATION}-output-files.xcfilelist",
			);
			runOnlyForDeploymentPostprocessing = 0;
			shellPath = /bin/sh;
			shellScript = "\"${PODS_ROOT}/Target Support Files/Pods-Giftify/Pods-Giftify-resources.sh\"\n";
			showEnvVarsInLog = 0;
		};
/* End PBXShellScriptBuildPhase section */

/* Begin PBXSourcesBuildPhase section */
		E915274B2A6FB76F00274430 /* Sources */ = {
			isa = PBXSourcesBuildPhase;
			buildActionMask = 2147483647;
			files = (
				E91527882A6FBAAA00274430 /* AppCoordinator.swift in Sources */,
				E91527BD2A7012F400274430 /* DDaySortHomeCollectionCell.swift in Sources */,
				E91527842A6FB99600274430 /* DIContainer.swift in Sources */,
				E91527C72A71033000274430 /* AddGifticonViewController.swift in Sources */,
				E91527CC2A7129D600274430 /* MLKit.swift in Sources */,
				E91527A32A6FC30600274430 /* ListViewController.swift in Sources */,
				E91527C92A7107C600274430 /* AddGifticonCoordinator.swift in Sources */,
				E91527A72A6FC31D00274430 /* SettingCoordinator.swift in Sources */,
				E91527572A6FB76F00274430 /* ViewController.swift in Sources */,
				E91527A92A6FC32700274430 /* SettingViewController.swift in Sources */,
				E91527BF2A7029B000274430 /* DDaySortHeaderView.swift in Sources */,
				E915279F2A6FBFD000274430 /* HomeViewModel.swift in Sources */,
				E915278D2A6FBB4800274430 /* TabBarCoordinator.swift in Sources */,
				E91527BB2A6FE44E00274430 /* Gifticon.swift in Sources */,
				E91527862A6FBA2D00274430 /* CoordinatorProtocol.swift in Sources */,
				E91527AE2A6FCC4500274430 /* NearSortHomeCollectionCell.swift in Sources */,
				E91527C52A71031300274430 /* AddGifticonViewModel.swift in Sources */,
				E915279D2A6FBF7400274430 /* HomeViewController.swift in Sources */,
				E91527B22A6FD34800274430 /* NearSortHeaderView.swift in Sources */,
				E91527A12A6FC2BA00274430 /* ListCoordinator.swift in Sources */,
				E91527AB2A6FC33100274430 /* SettingViewModel.swift in Sources */,
				E91527B52A6FD81000274430 /* CollectionLayout.swift in Sources */,
				E91527A52A6FC31000274430 /* ListViewModel.swift in Sources */,
				E915279B2A6FBF1D00274430 /* HomeCoordinator.swift in Sources */,
				E91527532A6FB76F00274430 /* AppDelegate.swift in Sources */,
				E91527B92A6FDA9800274430 /* HomeSection.swift in Sources */,
				E91527552A6FB76F00274430 /* SceneDelegate.swift in Sources */,
			);
			runOnlyForDeploymentPostprocessing = 0;
		};
		E91527612A6FB77200274430 /* Sources */ = {
			isa = PBXSourcesBuildPhase;
			buildActionMask = 2147483647;
			files = (
				E915276A2A6FB77200274430 /* GiftifyTests.swift in Sources */,
			);
			runOnlyForDeploymentPostprocessing = 0;
		};
		E915276B2A6FB77200274430 /* Sources */ = {
			isa = PBXSourcesBuildPhase;
			buildActionMask = 2147483647;
			files = (
				E91527742A6FB77200274430 /* GiftifyUITests.swift in Sources */,
				E91527762A6FB77200274430 /* GiftifyUITestsLaunchTests.swift in Sources */,
			);
			runOnlyForDeploymentPostprocessing = 0;
		};
/* End PBXSourcesBuildPhase section */

/* Begin PBXTargetDependency section */
		E91527672A6FB77200274430 /* PBXTargetDependency */ = {
			isa = PBXTargetDependency;
			target = E915274E2A6FB76F00274430 /* Giftify */;
			targetProxy = E91527662A6FB77200274430 /* PBXContainerItemProxy */;
		};
		E91527712A6FB77200274430 /* PBXTargetDependency */ = {
			isa = PBXTargetDependency;
			target = E915274E2A6FB76F00274430 /* Giftify */;
			targetProxy = E91527702A6FB77200274430 /* PBXContainerItemProxy */;
		};
/* End PBXTargetDependency section */

/* Begin PBXVariantGroup section */
		E91527582A6FB76F00274430 /* Main.storyboard */ = {
			isa = PBXVariantGroup;
			children = (
				E91527592A6FB76F00274430 /* Base */,
			);
			name = Main.storyboard;
			sourceTree = "<group>";
		};
		E915275D2A6FB77200274430 /* LaunchScreen.storyboard */ = {
			isa = PBXVariantGroup;
			children = (
				E915275E2A6FB77200274430 /* Base */,
			);
			name = LaunchScreen.storyboard;
			sourceTree = "<group>";
		};
/* End PBXVariantGroup section */

/* Begin XCBuildConfiguration section */
		E91527772A6FB77200274430 /* Debug */ = {
			isa = XCBuildConfiguration;
			buildSettings = {
				ALWAYS_SEARCH_USER_PATHS = NO;
				CLANG_ANALYZER_NONNULL = YES;
				CLANG_ANALYZER_NUMBER_OBJECT_CONVERSION = YES_AGGRESSIVE;
				CLANG_CXX_LANGUAGE_STANDARD = "gnu++20";
				CLANG_ENABLE_MODULES = YES;
				CLANG_ENABLE_OBJC_ARC = YES;
				CLANG_ENABLE_OBJC_WEAK = YES;
				CLANG_WARN_BLOCK_CAPTURE_AUTORELEASING = YES;
				CLANG_WARN_BOOL_CONVERSION = YES;
				CLANG_WARN_COMMA = YES;
				CLANG_WARN_CONSTANT_CONVERSION = YES;
				CLANG_WARN_DEPRECATED_OBJC_IMPLEMENTATIONS = YES;
				CLANG_WARN_DIRECT_OBJC_ISA_USAGE = YES_ERROR;
				CLANG_WARN_DOCUMENTATION_COMMENTS = YES;
				CLANG_WARN_EMPTY_BODY = YES;
				CLANG_WARN_ENUM_CONVERSION = YES;
				CLANG_WARN_INFINITE_RECURSION = YES;
				CLANG_WARN_INT_CONVERSION = YES;
				CLANG_WARN_NON_LITERAL_NULL_CONVERSION = YES;
				CLANG_WARN_OBJC_IMPLICIT_RETAIN_SELF = YES;
				CLANG_WARN_OBJC_LITERAL_CONVERSION = YES;
				CLANG_WARN_OBJC_ROOT_CLASS = YES_ERROR;
				CLANG_WARN_QUOTED_INCLUDE_IN_FRAMEWORK_HEADER = YES;
				CLANG_WARN_RANGE_LOOP_ANALYSIS = YES;
				CLANG_WARN_STRICT_PROTOTYPES = YES;
				CLANG_WARN_SUSPICIOUS_MOVE = YES;
				CLANG_WARN_UNGUARDED_AVAILABILITY = YES_AGGRESSIVE;
				CLANG_WARN_UNREACHABLE_CODE = YES;
				CLANG_WARN__DUPLICATE_METHOD_MATCH = YES;
				COPY_PHASE_STRIP = NO;
				DEBUG_INFORMATION_FORMAT = dwarf;
				ENABLE_STRICT_OBJC_MSGSEND = YES;
				ENABLE_TESTABILITY = YES;
				GCC_C_LANGUAGE_STANDARD = gnu11;
				GCC_DYNAMIC_NO_PIC = NO;
				GCC_NO_COMMON_BLOCKS = YES;
				GCC_OPTIMIZATION_LEVEL = 0;
				GCC_PREPROCESSOR_DEFINITIONS = (
					"DEBUG=1",
					"$(inherited)",
				);
				GCC_WARN_64_TO_32_BIT_CONVERSION = YES;
				GCC_WARN_ABOUT_RETURN_TYPE = YES_ERROR;
				GCC_WARN_UNDECLARED_SELECTOR = YES;
				GCC_WARN_UNINITIALIZED_AUTOS = YES_AGGRESSIVE;
				GCC_WARN_UNUSED_FUNCTION = YES;
				GCC_WARN_UNUSED_VARIABLE = YES;
				IPHONEOS_DEPLOYMENT_TARGET = 16.0;
				MTL_ENABLE_DEBUG_INFO = INCLUDE_SOURCE;
				MTL_FAST_MATH = YES;
				ONLY_ACTIVE_ARCH = YES;
				SDKROOT = iphoneos;
				SWIFT_ACTIVE_COMPILATION_CONDITIONS = DEBUG;
				SWIFT_OPTIMIZATION_LEVEL = "-Onone";
			};
			name = Debug;
		};
		E91527782A6FB77200274430 /* Release */ = {
			isa = XCBuildConfiguration;
			buildSettings = {
				ALWAYS_SEARCH_USER_PATHS = NO;
				CLANG_ANALYZER_NONNULL = YES;
				CLANG_ANALYZER_NUMBER_OBJECT_CONVERSION = YES_AGGRESSIVE;
				CLANG_CXX_LANGUAGE_STANDARD = "gnu++20";
				CLANG_ENABLE_MODULES = YES;
				CLANG_ENABLE_OBJC_ARC = YES;
				CLANG_ENABLE_OBJC_WEAK = YES;
				CLANG_WARN_BLOCK_CAPTURE_AUTORELEASING = YES;
				CLANG_WARN_BOOL_CONVERSION = YES;
				CLANG_WARN_COMMA = YES;
				CLANG_WARN_CONSTANT_CONVERSION = YES;
				CLANG_WARN_DEPRECATED_OBJC_IMPLEMENTATIONS = YES;
				CLANG_WARN_DIRECT_OBJC_ISA_USAGE = YES_ERROR;
				CLANG_WARN_DOCUMENTATION_COMMENTS = YES;
				CLANG_WARN_EMPTY_BODY = YES;
				CLANG_WARN_ENUM_CONVERSION = YES;
				CLANG_WARN_INFINITE_RECURSION = YES;
				CLANG_WARN_INT_CONVERSION = YES;
				CLANG_WARN_NON_LITERAL_NULL_CONVERSION = YES;
				CLANG_WARN_OBJC_IMPLICIT_RETAIN_SELF = YES;
				CLANG_WARN_OBJC_LITERAL_CONVERSION = YES;
				CLANG_WARN_OBJC_ROOT_CLASS = YES_ERROR;
				CLANG_WARN_QUOTED_INCLUDE_IN_FRAMEWORK_HEADER = YES;
				CLANG_WARN_RANGE_LOOP_ANALYSIS = YES;
				CLANG_WARN_STRICT_PROTOTYPES = YES;
				CLANG_WARN_SUSPICIOUS_MOVE = YES;
				CLANG_WARN_UNGUARDED_AVAILABILITY = YES_AGGRESSIVE;
				CLANG_WARN_UNREACHABLE_CODE = YES;
				CLANG_WARN__DUPLICATE_METHOD_MATCH = YES;
				COPY_PHASE_STRIP = NO;
				DEBUG_INFORMATION_FORMAT = "dwarf-with-dsym";
				ENABLE_NS_ASSERTIONS = NO;
				ENABLE_STRICT_OBJC_MSGSEND = YES;
				GCC_C_LANGUAGE_STANDARD = gnu11;
				GCC_NO_COMMON_BLOCKS = YES;
				GCC_WARN_64_TO_32_BIT_CONVERSION = YES;
				GCC_WARN_ABOUT_RETURN_TYPE = YES_ERROR;
				GCC_WARN_UNDECLARED_SELECTOR = YES;
				GCC_WARN_UNINITIALIZED_AUTOS = YES_AGGRESSIVE;
				GCC_WARN_UNUSED_FUNCTION = YES;
				GCC_WARN_UNUSED_VARIABLE = YES;
				IPHONEOS_DEPLOYMENT_TARGET = 16.0;
				MTL_ENABLE_DEBUG_INFO = NO;
				MTL_FAST_MATH = YES;
				SDKROOT = iphoneos;
				SWIFT_COMPILATION_MODE = wholemodule;
				SWIFT_OPTIMIZATION_LEVEL = "-O";
				VALIDATE_PRODUCT = YES;
			};
			name = Release;
		};
		E915277A2A6FB77200274430 /* Debug */ = {
			isa = XCBuildConfiguration;
			baseConfigurationReference = 91EA5D1EB6DDF3AF9CAFD42D /* Pods-Giftify.debug.xcconfig */;
			buildSettings = {
				ASSETCATALOG_COMPILER_APPICON_NAME = AppIcon;
				ASSETCATALOG_COMPILER_GLOBAL_ACCENT_COLOR_NAME = AccentColor;
				CODE_SIGN_STYLE = Automatic;
				CURRENT_PROJECT_VERSION = 1;
				GENERATE_INFOPLIST_FILE = YES;
				INFOPLIST_FILE = Giftify/Info.plist;
				INFOPLIST_KEY_UIApplicationSupportsIndirectInputEvents = YES;
				INFOPLIST_KEY_UILaunchStoryboardName = LaunchScreen;
				INFOPLIST_KEY_UIMainStoryboardFile = Main;
				INFOPLIST_KEY_UISupportedInterfaceOrientations_iPad = "UIInterfaceOrientationPortrait UIInterfaceOrientationPortraitUpsideDown UIInterfaceOrientationLandscapeLeft UIInterfaceOrientationLandscapeRight";
				INFOPLIST_KEY_UISupportedInterfaceOrientations_iPhone = "UIInterfaceOrientationPortrait UIInterfaceOrientationLandscapeLeft UIInterfaceOrientationLandscapeRight";
				IPHONEOS_DEPLOYMENT_TARGET = 16.0;
				LD_RUNPATH_SEARCH_PATHS = (
					"$(inherited)",
					"@executable_path/Frameworks",
				);
				MARKETING_VERSION = 1.0;
				PRODUCT_BUNDLE_IDENTIFIER = yummyHawaiianPizzaKim.Giftify;
				PRODUCT_NAME = "$(TARGET_NAME)";
				SWIFT_EMIT_LOC_STRINGS = YES;
				SWIFT_VERSION = 5.0;
				TARGETED_DEVICE_FAMILY = "1,2";
			};
			name = Debug;
		};
		E915277B2A6FB77200274430 /* Release */ = {
			isa = XCBuildConfiguration;
			baseConfigurationReference = 9B4A146423F65730387F55A6 /* Pods-Giftify.release.xcconfig */;
			buildSettings = {
				ASSETCATALOG_COMPILER_APPICON_NAME = AppIcon;
				ASSETCATALOG_COMPILER_GLOBAL_ACCENT_COLOR_NAME = AccentColor;
				CODE_SIGN_STYLE = Automatic;
				CURRENT_PROJECT_VERSION = 1;
				GENERATE_INFOPLIST_FILE = YES;
				INFOPLIST_FILE = Giftify/Info.plist;
				INFOPLIST_KEY_UIApplicationSupportsIndirectInputEvents = YES;
				INFOPLIST_KEY_UILaunchStoryboardName = LaunchScreen;
				INFOPLIST_KEY_UIMainStoryboardFile = Main;
				INFOPLIST_KEY_UISupportedInterfaceOrientations_iPad = "UIInterfaceOrientationPortrait UIInterfaceOrientationPortraitUpsideDown UIInterfaceOrientationLandscapeLeft UIInterfaceOrientationLandscapeRight";
				INFOPLIST_KEY_UISupportedInterfaceOrientations_iPhone = "UIInterfaceOrientationPortrait UIInterfaceOrientationLandscapeLeft UIInterfaceOrientationLandscapeRight";
				IPHONEOS_DEPLOYMENT_TARGET = 16.0;
				LD_RUNPATH_SEARCH_PATHS = (
					"$(inherited)",
					"@executable_path/Frameworks",
				);
				MARKETING_VERSION = 1.0;
				PRODUCT_BUNDLE_IDENTIFIER = yummyHawaiianPizzaKim.Giftify;
				PRODUCT_NAME = "$(TARGET_NAME)";
				SWIFT_EMIT_LOC_STRINGS = YES;
				SWIFT_VERSION = 5.0;
				TARGETED_DEVICE_FAMILY = "1,2";
			};
			name = Release;
		};
		E915277D2A6FB77200274430 /* Debug */ = {
			isa = XCBuildConfiguration;
			baseConfigurationReference = D7B969BCE6BD5654CA7BFBFE /* Pods-GiftifyTests.debug.xcconfig */;
			buildSettings = {
				ALWAYS_EMBED_SWIFT_STANDARD_LIBRARIES = YES;
				BUNDLE_LOADER = "$(TEST_HOST)";
				CODE_SIGN_STYLE = Automatic;
				CURRENT_PROJECT_VERSION = 1;
				GENERATE_INFOPLIST_FILE = YES;
				IPHONEOS_DEPLOYMENT_TARGET = 16.4;
				MARKETING_VERSION = 1.0;
				PRODUCT_BUNDLE_IDENTIFIER = yummyHawaiianPizzaKim.GiftifyTests;
				PRODUCT_NAME = "$(TARGET_NAME)";
				SWIFT_EMIT_LOC_STRINGS = NO;
				SWIFT_VERSION = 5.0;
				TARGETED_DEVICE_FAMILY = "1,2";
				TEST_HOST = "$(BUILT_PRODUCTS_DIR)/Giftify.app/$(BUNDLE_EXECUTABLE_FOLDER_PATH)/Giftify";
			};
			name = Debug;
		};
		E915277E2A6FB77200274430 /* Release */ = {
			isa = XCBuildConfiguration;
			baseConfigurationReference = 3B6002B244FC4A831E079C52 /* Pods-GiftifyTests.release.xcconfig */;
			buildSettings = {
				ALWAYS_EMBED_SWIFT_STANDARD_LIBRARIES = YES;
				BUNDLE_LOADER = "$(TEST_HOST)";
				CODE_SIGN_STYLE = Automatic;
				CURRENT_PROJECT_VERSION = 1;
				GENERATE_INFOPLIST_FILE = YES;
				IPHONEOS_DEPLOYMENT_TARGET = 16.4;
				MARKETING_VERSION = 1.0;
				PRODUCT_BUNDLE_IDENTIFIER = yummyHawaiianPizzaKim.GiftifyTests;
				PRODUCT_NAME = "$(TARGET_NAME)";
				SWIFT_EMIT_LOC_STRINGS = NO;
				SWIFT_VERSION = 5.0;
				TARGETED_DEVICE_FAMILY = "1,2";
				TEST_HOST = "$(BUILT_PRODUCTS_DIR)/Giftify.app/$(BUNDLE_EXECUTABLE_FOLDER_PATH)/Giftify";
			};
			name = Release;
		};
		E91527802A6FB77200274430 /* Debug */ = {
			isa = XCBuildConfiguration;
			baseConfigurationReference = E29B1B827259000A661BE3BE /* Pods-Giftify-GiftifyUITests.debug.xcconfig */;
			buildSettings = {
				ALWAYS_EMBED_SWIFT_STANDARD_LIBRARIES = YES;
				CODE_SIGN_STYLE = Automatic;
				CURRENT_PROJECT_VERSION = 1;
				GENERATE_INFOPLIST_FILE = YES;
				MARKETING_VERSION = 1.0;
				PRODUCT_BUNDLE_IDENTIFIER = yummyHawaiianPizzaKim.GiftifyUITests;
				PRODUCT_NAME = "$(TARGET_NAME)";
				SWIFT_EMIT_LOC_STRINGS = NO;
				SWIFT_VERSION = 5.0;
				TARGETED_DEVICE_FAMILY = "1,2";
				TEST_TARGET_NAME = Giftify;
			};
			name = Debug;
		};
		E91527812A6FB77200274430 /* Release */ = {
			isa = XCBuildConfiguration;
			baseConfigurationReference = C272D10593199B1DD2478B98 /* Pods-Giftify-GiftifyUITests.release.xcconfig */;
			buildSettings = {
				ALWAYS_EMBED_SWIFT_STANDARD_LIBRARIES = YES;
				CODE_SIGN_STYLE = Automatic;
				CURRENT_PROJECT_VERSION = 1;
				GENERATE_INFOPLIST_FILE = YES;
				MARKETING_VERSION = 1.0;
				PRODUCT_BUNDLE_IDENTIFIER = yummyHawaiianPizzaKim.GiftifyUITests;
				PRODUCT_NAME = "$(TARGET_NAME)";
				SWIFT_EMIT_LOC_STRINGS = NO;
				SWIFT_VERSION = 5.0;
				TARGETED_DEVICE_FAMILY = "1,2";
				TEST_TARGET_NAME = Giftify;
			};
			name = Release;
		};
/* End XCBuildConfiguration section */

/* Begin XCConfigurationList section */
		E915274A2A6FB76F00274430 /* Build configuration list for PBXProject "Giftify" */ = {
			isa = XCConfigurationList;
			buildConfigurations = (
				E91527772A6FB77200274430 /* Debug */,
				E91527782A6FB77200274430 /* Release */,
			);
			defaultConfigurationIsVisible = 0;
			defaultConfigurationName = Release;
		};
		E91527792A6FB77200274430 /* Build configuration list for PBXNativeTarget "Giftify" */ = {
			isa = XCConfigurationList;
			buildConfigurations = (
				E915277A2A6FB77200274430 /* Debug */,
				E915277B2A6FB77200274430 /* Release */,
			);
			defaultConfigurationIsVisible = 0;
			defaultConfigurationName = Release;
		};
		E915277C2A6FB77200274430 /* Build configuration list for PBXNativeTarget "GiftifyTests" */ = {
			isa = XCConfigurationList;
			buildConfigurations = (
				E915277D2A6FB77200274430 /* Debug */,
				E915277E2A6FB77200274430 /* Release */,
			);
			defaultConfigurationIsVisible = 0;
			defaultConfigurationName = Release;
		};
		E915277F2A6FB77200274430 /* Build configuration list for PBXNativeTarget "GiftifyUITests" */ = {
			isa = XCConfigurationList;
			buildConfigurations = (
				E91527802A6FB77200274430 /* Debug */,
				E91527812A6FB77200274430 /* Release */,
			);
			defaultConfigurationIsVisible = 0;
			defaultConfigurationName = Release;
		};
/* End XCConfigurationList section */
	};
	rootObject = E91527472A6FB76F00274430 /* Project object */;
}
